PODS:
  - Flutter (1.0.0)
  - flutter_nfc_kit (0.0.1):
    - Flutter
  - interactive_webview (0.0.1):
    - Flutter
  - moor_ffi (0.0.1):
    - Flutter
  - package_info (0.0.1):
    - Flutter
  - path_provider (0.0.1):
    - Flutter
  - path_provider_macos (0.0.1):
    - Flutter
  - url_launcher (0.0.1):
    - Flutter
  - url_launcher_macos (0.0.1):
    - Flutter
  - url_launcher_web (0.0.1):
    - Flutter
  - webview_flutter (0.0.1):
    - Flutter

DEPENDENCIES:
  - Flutter (from `Flutter`)
  - flutter_nfc_kit (from `.symlinks/plugins/flutter_nfc_kit/ios`)
  - interactive_webview (from `.symlinks/plugins/interactive_webview/ios`)
  - moor_ffi (from `.symlinks/plugins/moor_ffi/ios`)
  - package_info (from `.symlinks/plugins/package_info/ios`)
  - path_provider (from `.symlinks/plugins/path_provider/ios`)
  - path_provider_macos (from `.symlinks/plugins/path_provider_macos/ios`)
  - url_launcher (from `.symlinks/plugins/url_launcher/ios`)
  - url_launcher_macos (from `.symlinks/plugins/url_launcher_macos/ios`)
  - url_launcher_web (from `.symlinks/plugins/url_launcher_web/ios`)
  - webview_flutter (from `.symlinks/plugins/webview_flutter/ios`)

EXTERNAL SOURCES:
  Flutter:
    :path: Flutter
  flutter_nfc_kit:
    :path: ".symlinks/plugins/flutter_nfc_kit/ios"
  interactive_webview:
    :path: ".symlinks/plugins/interactive_webview/ios"
  moor_ffi:
    :path: ".symlinks/plugins/moor_ffi/ios"
  package_info:
    :path: ".symlinks/plugins/package_info/ios"
  path_provider:
    :path: ".symlinks/plugins/path_provider/ios"
  path_provider_macos:
    :path: ".symlinks/plugins/path_provider_macos/ios"
  url_launcher:
    :path: ".symlinks/plugins/url_launcher/ios"
  url_launcher_macos:
    :path: ".symlinks/plugins/url_launcher_macos/ios"
  url_launcher_web:
    :path: ".symlinks/plugins/url_launcher_web/ios"
  webview_flutter:
    :path: ".symlinks/plugins/webview_flutter/ios"

SPEC CHECKSUMS:
  Flutter: 0e3d915762c693b495b44d77113d4970485de6ec
  flutter_nfc_kit: d18b781721ac04dfe8eb8463d44972ed05c9e916
  interactive_webview: 645deb8ecb0f8564ca2017e691338854c5d6a061
  moor_ffi: d66c9470c18e9cb333423bbcb493c105c6c774c6
  package_info: 873975fc26034f0b863a300ad47e7f1ac6c7ec62
  path_provider: abfe2b5c733d04e238b0d8691db0cfd63a27a93c
  path_provider_macos: f760a3c5b04357c380e2fddb6f9db6f3015897e0
  url_launcher: 6fef411d543ceb26efce54b05a0a40bfd74cbbef
  url_launcher_macos: fd7894421cd39320dce5f292fc99ea9270b2a313
  url_launcher_web: e5527357f037c87560776e36436bf2b0288b965c
  webview_flutter: d2b4d6c66968ad042ad94cbb791f5b72b4678a96

PODFILE CHECKSUM: ea1b5c706143f5a03cd76e90145935ec6e35aca3

COCOAPODS: 1.9.1
